// !$*UTF8*$!
{
	archiveVersion = 1;
	classes = {
	};
	objectVersion = 56;
	objects = {

/* Begin PBXBuildFile section */
		387C52ED2CFC2EE600DD817F /* randomuserApp.swift in Sources */ = {isa = PBXBuildFile; fileRef = 387C52EC2CFC2EE600DD817F /* randomuserApp.swift */; };
		387C52EF2CFC2EE600DD817F /* RandomUserDashboard.swift in Sources */ = {isa = PBXBuildFile; fileRef = 387C52EE2CFC2EE600DD817F /* RandomUserDashboard.swift */; };
		387C52F12CFC2EE900DD817F /* Assets.xcassets in Resources */ = {isa = PBXBuildFile; fileRef = 387C52F02CFC2EE900DD817F /* Assets.xcassets */; };
		387C52F42CFC2EE900DD817F /* Preview Assets.xcassets in Resources */ = {isa = PBXBuildFile; fileRef = 387C52F32CFC2EE900DD817F /* Preview Assets.xcassets */; };
		387C52FE2CFC2EE900DD817F /* randomuserTests.swift in Sources */ = {isa = PBXBuildFile; fileRef = 387C52FD2CFC2EE900DD817F /* randomuserTests.swift */; };
		387C53082CFC2EEA00DD817F /* randomuserUITests.swift in Sources */ = {isa = PBXBuildFile; fileRef = 387C53072CFC2EEA00DD817F /* randomuserUITests.swift */; };
		387C530A2CFC2EEA00DD817F /* randomuserUITestsLaunchTests.swift in Sources */ = {isa = PBXBuildFile; fileRef = 387C53092CFC2EEA00DD817F /* randomuserUITestsLaunchTests.swift */; };
		387C531E2CFC97DF00DD817F /* Result.swift in Sources */ = {isa = PBXBuildFile; fileRef = 387C531D2CFC97DF00DD817F /* Result.swift */; };
		387C53202CFC989A00DD817F /* Name.swift in Sources */ = {isa = PBXBuildFile; fileRef = 387C531F2CFC989A00DD817F /* Name.swift */; };
		387C53222CFC98B500DD817F /* Picture.swift in Sources */ = {isa = PBXBuildFile; fileRef = 387C53212CFC98B500DD817F /* Picture.swift */; };
		387C53242CFC98D300DD817F /* Id.swift in Sources */ = {isa = PBXBuildFile; fileRef = 387C53232CFC98D300DD817F /* Id.swift */; };
		387C53262CFC98F800DD817F /* RandomUser.swift in Sources */ = {isa = PBXBuildFile; fileRef = 387C53252CFC98F800DD817F /* RandomUser.swift */; };
		387C53282CFC9B3C00DD817F /* Info.swift in Sources */ = {isa = PBXBuildFile; fileRef = 387C53272CFC9B3C00DD817F /* Info.swift */; };
		387C532A2CFC9C9500DD817F /* Dob.swift in Sources */ = {isa = PBXBuildFile; fileRef = 387C53292CFC9C9500DD817F /* Dob.swift */; };
		387C532E2CFC9E0300DD817F /* Login.swift in Sources */ = {isa = PBXBuildFile; fileRef = 387C532D2CFC9E0300DD817F /* Login.swift */; };
		387C53302CFC9E5D00DD817F /* Timezone.swift in Sources */ = {isa = PBXBuildFile; fileRef = 387C532F2CFC9E5D00DD817F /* Timezone.swift */; };
		387C53322CFC9EB700DD817F /* Location.swift in Sources */ = {isa = PBXBuildFile; fileRef = 387C53312CFC9EB700DD817F /* Location.swift */; };
		387C53342CFC9EF800DD817F /* Street.swift in Sources */ = {isa = PBXBuildFile; fileRef = 387C53332CFC9EF800DD817F /* Street.swift */; };
		387C53362CFC9F3D00DD817F /* Coordinates.swift in Sources */ = {isa = PBXBuildFile; fileRef = 387C53352CFC9F3D00DD817F /* Coordinates.swift */; };
		387C533C2CFCA0AB00DD817F /* Gender.swift in Sources */ = {isa = PBXBuildFile; fileRef = 387C533B2CFCA0AB00DD817F /* Gender.swift */; };
		387C533E2CFCA15600DD817F /* Postcode.swift in Sources */ = {isa = PBXBuildFile; fileRef = 387C533D2CFCA15600DD817F /* Postcode.swift */; };
		387C53402CFCA25400DD817F /* RULocalisedError.swift in Sources */ = {isa = PBXBuildFile; fileRef = 387C533F2CFCA25400DD817F /* RULocalisedError.swift */; };
		387C53422CFCA45500DD817F /* RandomUserService.swift in Sources */ = {isa = PBXBuildFile; fileRef = 387C53412CFCA45500DD817F /* RandomUserService.swift */; };
		387C53442CFCA51400DD817F /* RandomUserListViewModel.swift in Sources */ = {isa = PBXBuildFile; fileRef = 387C53432CFCA51400DD817F /* RandomUserListViewModel.swift */; };
		387C53482CFCAE9500DD817F /* StringConstants.swift in Sources */ = {isa = PBXBuildFile; fileRef = 387C53472CFCAE9500DD817F /* StringConstants.swift */; };
/* End PBXBuildFile section */

/* Begin PBXContainerItemProxy section */
		387C52FA2CFC2EE900DD817F /* PBXContainerItemProxy */ = {
			isa = PBXContainerItemProxy;
			containerPortal = 387C52E12CFC2EE600DD817F /* Project object */;
			proxyType = 1;
			remoteGlobalIDString = 387C52E82CFC2EE600DD817F;
			remoteInfo = randomuser;
		};
		387C53042CFC2EEA00DD817F /* PBXContainerItemProxy */ = {
			isa = PBXContainerItemProxy;
			containerPortal = 387C52E12CFC2EE600DD817F /* Project object */;
			proxyType = 1;
			remoteGlobalIDString = 387C52E82CFC2EE600DD817F;
			remoteInfo = randomuser;
		};
/* End PBXContainerItemProxy section */

/* Begin PBXFileReference section */
		387C52E92CFC2EE600DD817F /* randomuser.app */ = {isa = PBXFileReference; explicitFileType = wrapper.application; includeInIndex = 0; path = randomuser.app; sourceTree = BUILT_PRODUCTS_DIR; };
		387C52EC2CFC2EE600DD817F /* randomuserApp.swift */ = {isa = PBXFileReference; lastKnownFileType = sourcecode.swift; path = randomuserApp.swift; sourceTree = "<group>"; };
		387C52EE2CFC2EE600DD817F /* RandomUserDashboard.swift */ = {isa = PBXFileReference; lastKnownFileType = sourcecode.swift; path = RandomUserDashboard.swift; sourceTree = "<group>"; };
		387C52F02CFC2EE900DD817F /* Assets.xcassets */ = {isa = PBXFileReference; lastKnownFileType = folder.assetcatalog; path = Assets.xcassets; sourceTree = "<group>"; };
		387C52F32CFC2EE900DD817F /* Preview Assets.xcassets */ = {isa = PBXFileReference; lastKnownFileType = folder.assetcatalog; path = "Preview Assets.xcassets"; sourceTree = "<group>"; };
		387C52F92CFC2EE900DD817F /* randomuserTests.xctest */ = {isa = PBXFileReference; explicitFileType = wrapper.cfbundle; includeInIndex = 0; path = randomuserTests.xctest; sourceTree = BUILT_PRODUCTS_DIR; };
		387C52FD2CFC2EE900DD817F /* randomuserTests.swift */ = {isa = PBXFileReference; lastKnownFileType = sourcecode.swift; path = randomuserTests.swift; sourceTree = "<group>"; };
		387C53032CFC2EEA00DD817F /* randomuserUITests.xctest */ = {isa = PBXFileReference; explicitFileType = wrapper.cfbundle; includeInIndex = 0; path = randomuserUITests.xctest; sourceTree = BUILT_PRODUCTS_DIR; };
		387C53072CFC2EEA00DD817F /* randomuserUITests.swift */ = {isa = PBXFileReference; lastKnownFileType = sourcecode.swift; path = randomuserUITests.swift; sourceTree = "<group>"; };
		387C53092CFC2EEA00DD817F /* randomuserUITestsLaunchTests.swift */ = {isa = PBXFileReference; lastKnownFileType = sourcecode.swift; path = randomuserUITestsLaunchTests.swift; sourceTree = "<group>"; };
		387C531D2CFC97DF00DD817F /* Result.swift */ = {isa = PBXFileReference; lastKnownFileType = sourcecode.swift; path = Result.swift; sourceTree = "<group>"; };
		387C531F2CFC989A00DD817F /* Name.swift */ = {isa = PBXFileReference; lastKnownFileType = sourcecode.swift; path = Name.swift; sourceTree = "<group>"; };
		387C53212CFC98B500DD817F /* Picture.swift */ = {isa = PBXFileReference; lastKnownFileType = sourcecode.swift; path = Picture.swift; sourceTree = "<group>"; };
		387C53232CFC98D300DD817F /* Id.swift */ = {isa = PBXFileReference; lastKnownFileType = sourcecode.swift; path = Id.swift; sourceTree = "<group>"; };
		387C53252CFC98F800DD817F /* RandomUser.swift */ = {isa = PBXFileReference; lastKnownFileType = sourcecode.swift; path = RandomUser.swift; sourceTree = "<group>"; };
		387C53272CFC9B3C00DD817F /* Info.swift */ = {isa = PBXFileReference; lastKnownFileType = sourcecode.swift; path = Info.swift; sourceTree = "<group>"; };
		387C53292CFC9C9500DD817F /* Dob.swift */ = {isa = PBXFileReference; lastKnownFileType = sourcecode.swift; path = Dob.swift; sourceTree = "<group>"; };
		387C532D2CFC9E0300DD817F /* Login.swift */ = {isa = PBXFileReference; lastKnownFileType = sourcecode.swift; path = Login.swift; sourceTree = "<group>"; };
		387C532F2CFC9E5D00DD817F /* Timezone.swift */ = {isa = PBXFileReference; lastKnownFileType = sourcecode.swift; path = Timezone.swift; sourceTree = "<group>"; };
		387C53312CFC9EB700DD817F /* Location.swift */ = {isa = PBXFileReference; lastKnownFileType = sourcecode.swift; path = Location.swift; sourceTree = "<group>"; };
		387C53332CFC9EF800DD817F /* Street.swift */ = {isa = PBXFileReference; lastKnownFileType = sourcecode.swift; path = Street.swift; sourceTree = "<group>"; };
		387C53352CFC9F3D00DD817F /* Coordinates.swift */ = {isa = PBXFileReference; lastKnownFileType = sourcecode.swift; path = Coordinates.swift; sourceTree = "<group>"; };
		387C533B2CFCA0AB00DD817F /* Gender.swift */ = {isa = PBXFileReference; lastKnownFileType = sourcecode.swift; path = Gender.swift; sourceTree = "<group>"; };
		387C533D2CFCA15600DD817F /* Postcode.swift */ = {isa = PBXFileReference; lastKnownFileType = sourcecode.swift; path = Postcode.swift; sourceTree = "<group>"; };
		387C533F2CFCA25400DD817F /* RULocalisedError.swift */ = {isa = PBXFileReference; lastKnownFileType = sourcecode.swift; path = RULocalisedError.swift; sourceTree = "<group>"; };
		387C53412CFCA45500DD817F /* RandomUserService.swift */ = {isa = PBXFileReference; lastKnownFileType = sourcecode.swift; path = RandomUserService.swift; sourceTree = "<group>"; };
		387C53432CFCA51400DD817F /* RandomUserListViewModel.swift */ = {isa = PBXFileReference; lastKnownFileType = sourcecode.swift; path = RandomUserListViewModel.swift; sourceTree = "<group>"; };
		387C53472CFCAE9500DD817F /* StringConstants.swift */ = {isa = PBXFileReference; lastKnownFileType = sourcecode.swift; path = StringConstants.swift; sourceTree = "<group>"; };
/* End PBXFileReference section */

/* Begin PBXFrameworksBuildPhase section */
		387C52E62CFC2EE600DD817F /* Frameworks */ = {
			isa = PBXFrameworksBuildPhase;
			buildActionMask = 2147483647;
			files = (
			);
			runOnlyForDeploymentPostprocessing = 0;
		};
		387C52F62CFC2EE900DD817F /* Frameworks */ = {
			isa = PBXFrameworksBuildPhase;
			buildActionMask = 2147483647;
			files = (
			);
			runOnlyForDeploymentPostprocessing = 0;
		};
		387C53002CFC2EEA00DD817F /* Frameworks */ = {
			isa = PBXFrameworksBuildPhase;
			buildActionMask = 2147483647;
			files = (
			);
			runOnlyForDeploymentPostprocessing = 0;
		};
/* End PBXFrameworksBuildPhase section */

/* Begin PBXGroup section */
		387C52E02CFC2EE600DD817F = {
			isa = PBXGroup;
			children = (
				387C52EB2CFC2EE600DD817F /* randomuser */,
				387C52FC2CFC2EE900DD817F /* randomuserTests */,
				387C53062CFC2EEA00DD817F /* randomuserUITests */,
				387C52EA2CFC2EE600DD817F /* Products */,
			);
			sourceTree = "<group>";
		};
		387C52EA2CFC2EE600DD817F /* Products */ = {
			isa = PBXGroup;
			children = (
				387C52E92CFC2EE600DD817F /* randomuser.app */,
				387C52F92CFC2EE900DD817F /* randomuserTests.xctest */,
				387C53032CFC2EEA00DD817F /* randomuserUITests.xctest */,
			);
			name = Products;
			sourceTree = "<group>";
		};
		387C52EB2CFC2EE600DD817F /* randomuser */ = {
			isa = PBXGroup;
			children = (
				387C531C2CFC973C00DD817F /* Extensions */,
				387C531B2CFC973400DD817F /* Assets */,
				387C531A2CFC972A00DD817F /* Utilities */,
				387C53192CFC972100DD817F /* Services */,
				387C53182CFC971900DD817F /* ViewModels */,
				387C53172CFC970D00DD817F /* Views */,
				387C53162CFC96F100DD817F /* Models */,
				387C52EC2CFC2EE600DD817F /* randomuserApp.swift */,
				387C52EE2CFC2EE600DD817F /* RandomUserDashboard.swift */,
				387C52F02CFC2EE900DD817F /* Assets.xcassets */,
				387C52F22CFC2EE900DD817F /* Preview Content */,
			);
			path = randomuser;
			sourceTree = "<group>";
		};
		387C52F22CFC2EE900DD817F /* Preview Content */ = {
			isa = PBXGroup;
			children = (
				387C52F32CFC2EE900DD817F /* Preview Assets.xcassets */,
			);
			path = "Preview Content";
			sourceTree = "<group>";
		};
		387C52FC2CFC2EE900DD817F /* randomuserTests */ = {
			isa = PBXGroup;
			children = (
				387C52FD2CFC2EE900DD817F /* randomuserTests.swift */,
			);
			path = randomuserTests;
			sourceTree = "<group>";
		};
		387C53062CFC2EEA00DD817F /* randomuserUITests */ = {
			isa = PBXGroup;
			children = (
				387C53072CFC2EEA00DD817F /* randomuserUITests.swift */,
				387C53092CFC2EEA00DD817F /* randomuserUITestsLaunchTests.swift */,
			);
			path = randomuserUITests;
			sourceTree = "<group>";
		};
		387C53162CFC96F100DD817F /* Models */ = {
			isa = PBXGroup;
			children = (
				387C531D2CFC97DF00DD817F /* Result.swift */,
				387C531F2CFC989A00DD817F /* Name.swift */,
				387C53212CFC98B500DD817F /* Picture.swift */,
				387C53232CFC98D300DD817F /* Id.swift */,
				387C53252CFC98F800DD817F /* RandomUser.swift */,
				387C53272CFC9B3C00DD817F /* Info.swift */,
				387C53292CFC9C9500DD817F /* Dob.swift */,
				387C532D2CFC9E0300DD817F /* Login.swift */,
				387C532F2CFC9E5D00DD817F /* Timezone.swift */,
				387C53312CFC9EB700DD817F /* Location.swift */,
				387C53332CFC9EF800DD817F /* Street.swift */,
				387C53352CFC9F3D00DD817F /* Coordinates.swift */,
			);
			path = Models;
			sourceTree = "<group>";
		};
		387C53172CFC970D00DD817F /* Views */ = {
			isa = PBXGroup;
			children = (
			);
			path = Views;
			sourceTree = "<group>";
		};
		387C53182CFC971900DD817F /* ViewModels */ = {
			isa = PBXGroup;
			children = (
				387C53432CFCA51400DD817F /* RandomUserListViewModel.swift */,
			);
			path = ViewModels;
			sourceTree = "<group>";
		};
		387C53192CFC972100DD817F /* Services */ = {
			isa = PBXGroup;
			children = (
				387C53412CFCA45500DD817F /* RandomUserService.swift */,
			);
			path = Services;
			sourceTree = "<group>";
		};
		387C531A2CFC972A00DD817F /* Utilities */ = {
			isa = PBXGroup;
			children = (
				387C533A2CFCA0A100DD817F /* enums */,
				387C53372CFCA07E00DD817F /* constants */,
			);
			path = Utilities;
			sourceTree = "<group>";
		};
		387C531B2CFC973400DD817F /* Assets */ = {
			isa = PBXGroup;
			children = (
			);
			path = Assets;
			sourceTree = "<group>";
		};
		387C531C2CFC973C00DD817F /* Extensions */ = {
			isa = PBXGroup;
			children = (
			);
			path = Extensions;
			sourceTree = "<group>";
		};
		387C53372CFCA07E00DD817F /* constants */ = {
			isa = PBXGroup;
			children = (
				387C53472CFCAE9500DD817F /* StringConstants.swift */,
			);
			path = constants;
			sourceTree = "<group>";
		};
		387C533A2CFCA0A100DD817F /* enums */ = {
			isa = PBXGroup;
			children = (
				387C533B2CFCA0AB00DD817F /* Gender.swift */,
				387C533D2CFCA15600DD817F /* Postcode.swift */,
				387C533F2CFCA25400DD817F /* RULocalisedError.swift */,
			);
			path = enums;
			sourceTree = "<group>";
		};
/* End PBXGroup section */

/* Begin PBXNativeTarget section */
		387C52E82CFC2EE600DD817F /* randomuser */ = {
			isa = PBXNativeTarget;
			buildConfigurationList = 387C530D2CFC2EEA00DD817F /* Build configuration list for PBXNativeTarget "randomuser" */;
			buildPhases = (
				387C52E52CFC2EE600DD817F /* Sources */,
				387C52E62CFC2EE600DD817F /* Frameworks */,
				387C52E72CFC2EE600DD817F /* Resources */,
			);
			buildRules = (
			);
			dependencies = (
			);
			name = randomuser;
			productName = randomuser;
			productReference = 387C52E92CFC2EE600DD817F /* randomuser.app */;
			productType = "com.apple.product-type.application";
		};
		387C52F82CFC2EE900DD817F /* randomuserTests */ = {
			isa = PBXNativeTarget;
			buildConfigurationList = 387C53102CFC2EEA00DD817F /* Build configuration list for PBXNativeTarget "randomuserTests" */;
			buildPhases = (
				387C52F52CFC2EE900DD817F /* Sources */,
				387C52F62CFC2EE900DD817F /* Frameworks */,
				387C52F72CFC2EE900DD817F /* Resources */,
			);
			buildRules = (
			);
			dependencies = (
				387C52FB2CFC2EE900DD817F /* PBXTargetDependency */,
			);
			name = randomuserTests;
			productName = randomuserTests;
			productReference = 387C52F92CFC2EE900DD817F /* randomuserTests.xctest */;
			productType = "com.apple.product-type.bundle.unit-test";
		};
		387C53022CFC2EEA00DD817F /* randomuserUITests */ = {
			isa = PBXNativeTarget;
			buildConfigurationList = 387C53132CFC2EEA00DD817F /* Build configuration list for PBXNativeTarget "randomuserUITests" */;
			buildPhases = (
				387C52FF2CFC2EEA00DD817F /* Sources */,
				387C53002CFC2EEA00DD817F /* Frameworks */,
				387C53012CFC2EEA00DD817F /* Resources */,
			);
			buildRules = (
			);
			dependencies = (
				387C53052CFC2EEA00DD817F /* PBXTargetDependency */,
			);
			name = randomuserUITests;
			productName = randomuserUITests;
			productReference = 387C53032CFC2EEA00DD817F /* randomuserUITests.xctest */;
			productType = "com.apple.product-type.bundle.ui-testing";
		};
/* End PBXNativeTarget section */

/* Begin PBXProject section */
		387C52E12CFC2EE600DD817F /* Project object */ = {
			isa = PBXProject;
			attributes = {
				BuildIndependentTargetsInParallel = 1;
				LastSwiftUpdateCheck = 1540;
				LastUpgradeCheck = 1540;
				TargetAttributes = {
					387C52E82CFC2EE600DD817F = {
						CreatedOnToolsVersion = 15.4;
					};
					387C52F82CFC2EE900DD817F = {
						CreatedOnToolsVersion = 15.4;
						TestTargetID = 387C52E82CFC2EE600DD817F;
					};
					387C53022CFC2EEA00DD817F = {
						CreatedOnToolsVersion = 15.4;
						TestTargetID = 387C52E82CFC2EE600DD817F;
					};
				};
			};
			buildConfigurationList = 387C52E42CFC2EE600DD817F /* Build configuration list for PBXProject "randomuser" */;
			compatibilityVersion = "Xcode 14.0";
			developmentRegion = en;
			hasScannedForEncodings = 0;
			knownRegions = (
				en,
				Base,
			);
			mainGroup = 387C52E02CFC2EE600DD817F;
			productRefGroup = 387C52EA2CFC2EE600DD817F /* Products */;
			projectDirPath = "";
			projectRoot = "";
			targets = (
				387C52E82CFC2EE600DD817F /* randomuser */,
				387C52F82CFC2EE900DD817F /* randomuserTests */,
				387C53022CFC2EEA00DD817F /* randomuserUITests */,
			);
		};
/* End PBXProject section */

/* Begin PBXResourcesBuildPhase section */
		387C52E72CFC2EE600DD817F /* Resources */ = {
			isa = PBXResourcesBuildPhase;
			buildActionMask = 2147483647;
			files = (
				387C52F42CFC2EE900DD817F /* Preview Assets.xcassets in Resources */,
				387C52F12CFC2EE900DD817F /* Assets.xcassets in Resources */,
			);
			runOnlyForDeploymentPostprocessing = 0;
		};
		387C52F72CFC2EE900DD817F /* Resources */ = {
			isa = PBXResourcesBuildPhase;
			buildActionMask = 2147483647;
			files = (
			);
			runOnlyForDeploymentPostprocessing = 0;
		};
		387C53012CFC2EEA00DD817F /* Resources */ = {
			isa = PBXResourcesBuildPhase;
			buildActionMask = 2147483647;
			files = (
			);
			runOnlyForDeploymentPostprocessing = 0;
		};
/* End PBXResourcesBuildPhase section */

/* Begin PBXSourcesBuildPhase section */
		387C52E52CFC2EE600DD817F /* Sources */ = {
			isa = PBXSourcesBuildPhase;
			buildActionMask = 2147483647;
			files = (
				387C53262CFC98F800DD817F /* RandomUser.swift in Sources */,
				387C53282CFC9B3C00DD817F /* Info.swift in Sources */,
				387C52EF2CFC2EE600DD817F /* RandomUserDashboard.swift in Sources */,
				387C53442CFCA51400DD817F /* RandomUserListViewModel.swift in Sources */,
				387C53222CFC98B500DD817F /* Picture.swift in Sources */,
				387C53242CFC98D300DD817F /* Id.swift in Sources */,
				387C53422CFCA45500DD817F /* RandomUserService.swift in Sources */,
				387C532A2CFC9C9500DD817F /* Dob.swift in Sources */,
				387C53482CFCAE9500DD817F /* StringConstants.swift in Sources */,
				387C53342CFC9EF800DD817F /* Street.swift in Sources */,
				387C53322CFC9EB700DD817F /* Location.swift in Sources */,
				387C52ED2CFC2EE600DD817F /* randomuserApp.swift in Sources */,
				387C53362CFC9F3D00DD817F /* Coordinates.swift in Sources */,
				387C53402CFCA25400DD817F /* RULocalisedError.swift in Sources */,
				387C533E2CFCA15600DD817F /* Postcode.swift in Sources */,
				387C53302CFC9E5D00DD817F /* Timezone.swift in Sources */,
				387C533C2CFCA0AB00DD817F /* Gender.swift in Sources */,
				387C53202CFC989A00DD817F /* Name.swift in Sources */,
				387C532E2CFC9E0300DD817F /* Login.swift in Sources */,
				387C531E2CFC97DF00DD817F /* Result.swift in Sources */,
			);
			runOnlyForDeploymentPostprocessing = 0;
		};
		387C52F52CFC2EE900DD817F /* Sources */ = {
			isa = PBXSourcesBuildPhase;
			buildActionMask = 2147483647;
			files = (
				387C52FE2CFC2EE900DD817F /* randomuserTests.swift in Sources */,
			);
			runOnlyForDeploymentPostprocessing = 0;
		};
		387C52FF2CFC2EEA00DD817F /* Sources */ = {
			isa = PBXSourcesBuildPhase;
			buildActionMask = 2147483647;
			files = (
				387C530A2CFC2EEA00DD817F /* randomuserUITestsLaunchTests.swift in Sources */,
				387C53082CFC2EEA00DD817F /* randomuserUITests.swift in Sources */,
			);
			runOnlyForDeploymentPostprocessing = 0;
		};
/* End PBXSourcesBuildPhase section */

/* Begin PBXTargetDependency section */
		387C52FB2CFC2EE900DD817F /* PBXTargetDependency */ = {
			isa = PBXTargetDependency;
			target = 387C52E82CFC2EE600DD817F /* randomuser */;
			targetProxy = 387C52FA2CFC2EE900DD817F /* PBXContainerItemProxy */;
		};
		387C53052CFC2EEA00DD817F /* PBXTargetDependency */ = {
			isa = PBXTargetDependency;
			target = 387C52E82CFC2EE600DD817F /* randomuser */;
			targetProxy = 387C53042CFC2EEA00DD817F /* PBXContainerItemProxy */;
		};
/* End PBXTargetDependency section */

/* Begin XCBuildConfiguration section */
		387C530B2CFC2EEA00DD817F /* Debug */ = {
			isa = XCBuildConfiguration;
			buildSettings = {
				ALWAYS_SEARCH_USER_PATHS = NO;
				ASSETCATALOG_COMPILER_GENERATE_SWIFT_ASSET_SYMBOL_EXTENSIONS = YES;
				CLANG_ANALYZER_NONNULL = YES;
				CLANG_ANALYZER_NUMBER_OBJECT_CONVERSION = YES_AGGRESSIVE;
				CLANG_CXX_LANGUAGE_STANDARD = "gnu++20";
				CLANG_ENABLE_MODULES = YES;
				CLANG_ENABLE_OBJC_ARC = YES;
				CLANG_ENABLE_OBJC_WEAK = YES;
				CLANG_WARN_BLOCK_CAPTURE_AUTORELEASING = YES;
				CLANG_WARN_BOOL_CONVERSION = YES;
				CLANG_WARN_COMMA = YES;
				CLANG_WARN_CONSTANT_CONVERSION = YES;
				CLANG_WARN_DEPRECATED_OBJC_IMPLEMENTATIONS = YES;
				CLANG_WARN_DIRECT_OBJC_ISA_USAGE = YES_ERROR;
				CLANG_WARN_DOCUMENTATION_COMMENTS = YES;
				CLANG_WARN_EMPTY_BODY = YES;
				CLANG_WARN_ENUM_CONVERSION = YES;
				CLANG_WARN_INFINITE_RECURSION = YES;
				CLANG_WARN_INT_CONVERSION = YES;
				CLANG_WARN_NON_LITERAL_NULL_CONVERSION = YES;
				CLANG_WARN_OBJC_IMPLICIT_RETAIN_SELF = YES;
				CLANG_WARN_OBJC_LITERAL_CONVERSION = YES;
				CLANG_WARN_OBJC_ROOT_CLASS = YES_ERROR;
				CLANG_WARN_QUOTED_INCLUDE_IN_FRAMEWORK_HEADER = YES;
				CLANG_WARN_RANGE_LOOP_ANALYSIS = YES;
				CLANG_WARN_STRICT_PROTOTYPES = YES;
				CLANG_WARN_SUSPICIOUS_MOVE = YES;
				CLANG_WARN_UNGUARDED_AVAILABILITY = YES_AGGRESSIVE;
				CLANG_WARN_UNREACHABLE_CODE = YES;
				CLANG_WARN__DUPLICATE_METHOD_MATCH = YES;
				COPY_PHASE_STRIP = NO;
				DEBUG_INFORMATION_FORMAT = dwarf;
				ENABLE_STRICT_OBJC_MSGSEND = YES;
				ENABLE_TESTABILITY = YES;
				ENABLE_USER_SCRIPT_SANDBOXING = YES;
				GCC_C_LANGUAGE_STANDARD = gnu17;
				GCC_DYNAMIC_NO_PIC = NO;
				GCC_NO_COMMON_BLOCKS = YES;
				GCC_OPTIMIZATION_LEVEL = 0;
				GCC_PREPROCESSOR_DEFINITIONS = (
					"DEBUG=1",
					"$(inherited)",
				);
				GCC_WARN_64_TO_32_BIT_CONVERSION = YES;
				GCC_WARN_ABOUT_RETURN_TYPE = YES_ERROR;
				GCC_WARN_UNDECLARED_SELECTOR = YES;
				GCC_WARN_UNINITIALIZED_AUTOS = YES_AGGRESSIVE;
				GCC_WARN_UNUSED_FUNCTION = YES;
				GCC_WARN_UNUSED_VARIABLE = YES;
				IPHONEOS_DEPLOYMENT_TARGET = 17.5;
				LOCALIZATION_PREFERS_STRING_CATALOGS = YES;
				MTL_ENABLE_DEBUG_INFO = INCLUDE_SOURCE;
				MTL_FAST_MATH = YES;
				ONLY_ACTIVE_ARCH = YES;
				SDKROOT = iphoneos;
				SWIFT_ACTIVE_COMPILATION_CONDITIONS = "DEBUG $(inherited)";
				SWIFT_OPTIMIZATION_LEVEL = "-Onone";
			};
			name = Debug;
		};
		387C530C2CFC2EEA00DD817F /* Release */ = {
			isa = XCBuildConfiguration;
			buildSettings = {
				ALWAYS_SEARCH_USER_PATHS = NO;
				ASSETCATALOG_COMPILER_GENERATE_SWIFT_ASSET_SYMBOL_EXTENSIONS = YES;
				CLANG_ANALYZER_NONNULL = YES;
				CLANG_ANALYZER_NUMBER_OBJECT_CONVERSION = YES_AGGRESSIVE;
				CLANG_CXX_LANGUAGE_STANDARD = "gnu++20";
				CLANG_ENABLE_MODULES = YES;
				CLANG_ENABLE_OBJC_ARC = YES;
				CLANG_ENABLE_OBJC_WEAK = YES;
				CLANG_WARN_BLOCK_CAPTURE_AUTORELEASING = YES;
				CLANG_WARN_BOOL_CONVERSION = YES;
				CLANG_WARN_COMMA = YES;
				CLANG_WARN_CONSTANT_CONVERSION = YES;
				CLANG_WARN_DEPRECATED_OBJC_IMPLEMENTATIONS = YES;
				CLANG_WARN_DIRECT_OBJC_ISA_USAGE = YES_ERROR;
				CLANG_WARN_DOCUMENTATION_COMMENTS = YES;
				CLANG_WARN_EMPTY_BODY = YES;
				CLANG_WARN_ENUM_CONVERSION = YES;
				CLANG_WARN_INFINITE_RECURSION = YES;
				CLANG_WARN_INT_CONVERSION = YES;
				CLANG_WARN_NON_LITERAL_NULL_CONVERSION = YES;
				CLANG_WARN_OBJC_IMPLICIT_RETAIN_SELF = YES;
				CLANG_WARN_OBJC_LITERAL_CONVERSION = YES;
				CLANG_WARN_OBJC_ROOT_CLASS = YES_ERROR;
				CLANG_WARN_QUOTED_INCLUDE_IN_FRAMEWORK_HEADER = YES;
				CLANG_WARN_RANGE_LOOP_ANALYSIS = YES;
				CLANG_WARN_STRICT_PROTOTYPES = YES;
				CLANG_WARN_SUSPICIOUS_MOVE = YES;
				CLANG_WARN_UNGUARDED_AVAILABILITY = YES_AGGRESSIVE;
				CLANG_WARN_UNREACHABLE_CODE = YES;
				CLANG_WARN__DUPLICATE_METHOD_MATCH = YES;
				COPY_PHASE_STRIP = NO;
				DEBUG_INFORMATION_FORMAT = "dwarf-with-dsym";
				ENABLE_NS_ASSERTIONS = NO;
				ENABLE_STRICT_OBJC_MSGSEND = YES;
				ENABLE_USER_SCRIPT_SANDBOXING = YES;
				GCC_C_LANGUAGE_STANDARD = gnu17;
				GCC_NO_COMMON_BLOCKS = YES;
				GCC_WARN_64_TO_32_BIT_CONVERSION = YES;
				GCC_WARN_ABOUT_RETURN_TYPE = YES_ERROR;
				GCC_WARN_UNDECLARED_SELECTOR = YES;
				GCC_WARN_UNINITIALIZED_AUTOS = YES_AGGRESSIVE;
				GCC_WARN_UNUSED_FUNCTION = YES;
				GCC_WARN_UNUSED_VARIABLE = YES;
				IPHONEOS_DEPLOYMENT_TARGET = 17.5;
				LOCALIZATION_PREFERS_STRING_CATALOGS = YES;
				MTL_ENABLE_DEBUG_INFO = NO;
				MTL_FAST_MATH = YES;
				SDKROOT = iphoneos;
				SWIFT_COMPILATION_MODE = wholemodule;
				VALIDATE_PRODUCT = YES;
			};
			name = Release;
		};
		387C530E2CFC2EEA00DD817F /* Debug */ = {
			isa = XCBuildConfiguration;
			buildSettings = {
				ASSETCATALOG_COMPILER_APPICON_NAME = AppIcon;
				ASSETCATALOG_COMPILER_GLOBAL_ACCENT_COLOR_NAME = AccentColor;
				CODE_SIGN_STYLE = Automatic;
				CURRENT_PROJECT_VERSION = 1;
				DEVELOPMENT_ASSET_PATHS = "\"randomuser/Preview Content\"";
				DEVELOPMENT_TEAM = G8W4T9293F;
				ENABLE_PREVIEWS = YES;
				GENERATE_INFOPLIST_FILE = YES;
				INFOPLIST_KEY_UIApplicationSceneManifest_Generation = YES;
				INFOPLIST_KEY_UIApplicationSupportsIndirectInputEvents = YES;
				INFOPLIST_KEY_UILaunchScreen_Generation = YES;
				INFOPLIST_KEY_UISupportedInterfaceOrientations_iPad = "UIInterfaceOrientationPortrait UIInterfaceOrientationPortraitUpsideDown UIInterfaceOrientationLandscapeLeft UIInterfaceOrientationLandscapeRight";
				INFOPLIST_KEY_UISupportedInterfaceOrientations_iPhone = "UIInterfaceOrientationPortrait UIInterfaceOrientationLandscapeLeft UIInterfaceOrientationLandscapeRight";
				LD_RUNPATH_SEARCH_PATHS = (
					"$(inherited)",
					"@executable_path/Frameworks",
				);
				MARKETING_VERSION = 1.0;
				PRODUCT_BUNDLE_IDENTIFIER = com.jrektabasa.randomuser;
				PRODUCT_NAME = "$(TARGET_NAME)";
				SWIFT_EMIT_LOC_STRINGS = YES;
				SWIFT_VERSION = 5.0;
				TARGETED_DEVICE_FAMILY = "1,2";
			};
			name = Debug;
		};
		387C530F2CFC2EEA00DD817F /* Release */ = {
			isa = XCBuildConfiguration;
			buildSettings = {
				ASSETCATALOG_COMPILER_APPICON_NAME = AppIcon;
				ASSETCATALOG_COMPILER_GLOBAL_ACCENT_COLOR_NAME = AccentColor;
				CODE_SIGN_STYLE = Automatic;
				CURRENT_PROJECT_VERSION = 1;
				DEVELOPMENT_ASSET_PATHS = "\"randomuser/Preview Content\"";
				DEVELOPMENT_TEAM = G8W4T9293F;
				ENABLE_PREVIEWS = YES;
				GENERATE_INFOPLIST_FILE = YES;
				INFOPLIST_KEY_UIApplicationSceneManifest_Generation = YES;
				INFOPLIST_KEY_UIApplicationSupportsIndirectInputEvents = YES;
				INFOPLIST_KEY_UILaunchScreen_Generation = YES;
				INFOPLIST_KEY_UISupportedInterfaceOrientations_iPad = "UIInterfaceOrientationPortrait UIInterfaceOrientationPortraitUpsideDown UIInterfaceOrientationLandscapeLeft UIInterfaceOrientationLandscapeRight";
				INFOPLIST_KEY_UISupportedInterfaceOrientations_iPhone = "UIInterfaceOrientationPortrait UIInterfaceOrientationLandscapeLeft UIInterfaceOrientationLandscapeRight";
				LD_RUNPATH_SEARCH_PATHS = (
					"$(inherited)",
					"@executable_path/Frameworks",
				);
				MARKETING_VERSION = 1.0;
				PRODUCT_BUNDLE_IDENTIFIER = com.jrektabasa.randomuser;
				PRODUCT_NAME = "$(TARGET_NAME)";
				SWIFT_EMIT_LOC_STRINGS = YES;
				SWIFT_VERSION = 5.0;
				TARGETED_DEVICE_FAMILY = "1,2";
			};
			name = Release;
		};
		387C53112CFC2EEA00DD817F /* Debug */ = {
			isa = XCBuildConfiguration;
			buildSettings = {
				ALWAYS_EMBED_SWIFT_STANDARD_LIBRARIES = YES;
				BUNDLE_LOADER = "$(TEST_HOST)";
				CODE_SIGN_STYLE = Automatic;
				CURRENT_PROJECT_VERSION = 1;
				DEVELOPMENT_TEAM = G8W4T9293F;
				GENERATE_INFOPLIST_FILE = YES;
				IPHONEOS_DEPLOYMENT_TARGET = 17.5;
				MARKETING_VERSION = 1.0;
				PRODUCT_BUNDLE_IDENTIFIER = com.jrektabasa.randomuserTests;
				PRODUCT_NAME = "$(TARGET_NAME)";
				SWIFT_EMIT_LOC_STRINGS = NO;
				SWIFT_VERSION = 5.0;
				TARGETED_DEVICE_FAMILY = "1,2";
				TEST_HOST = "$(BUILT_PRODUCTS_DIR)/randomuser.app/$(BUNDLE_EXECUTABLE_FOLDER_PATH)/randomuser";
			};
			name = Debug;
		};
		387C53122CFC2EEA00DD817F /* Release */ = {
			isa = XCBuildConfiguration;
			buildSettings = {
				ALWAYS_EMBED_SWIFT_STANDARD_LIBRARIES = YES;
				BUNDLE_LOADER = "$(TEST_HOST)";
				CODE_SIGN_STYLE = Automatic;
				CURRENT_PROJECT_VERSION = 1;
				DEVELOPMENT_TEAM = G8W4T9293F;
				GENERATE_INFOPLIST_FILE = YES;
				IPHONEOS_DEPLOYMENT_TARGET = 17.5;
				MARKETING_VERSION = 1.0;
				PRODUCT_BUNDLE_IDENTIFIER = com.jrektabasa.randomuserTests;
				PRODUCT_NAME = "$(TARGET_NAME)";
				SWIFT_EMIT_LOC_STRINGS = NO;
				SWIFT_VERSION = 5.0;
				TARGETED_DEVICE_FAMILY = "1,2";
				TEST_HOST = "$(BUILT_PRODUCTS_DIR)/randomuser.app/$(BUNDLE_EXECUTABLE_FOLDER_PATH)/randomuser";
			};
			name = Release;
		};
		387C53142CFC2EEA00DD817F /* Debug */ = {
			isa = XCBuildConfiguration;
			buildSettings = {
				ALWAYS_EMBED_SWIFT_STANDARD_LIBRARIES = YES;
				CODE_SIGN_STYLE = Automatic;
				CURRENT_PROJECT_VERSION = 1;
				DEVELOPMENT_TEAM = G8W4T9293F;
				GENERATE_INFOPLIST_FILE = YES;
				MARKETING_VERSION = 1.0;
				PRODUCT_BUNDLE_IDENTIFIER = com.jrektabasa.randomuserUITests;
				PRODUCT_NAME = "$(TARGET_NAME)";
				SWIFT_EMIT_LOC_STRINGS = NO;
				SWIFT_VERSION = 5.0;
				TARGETED_DEVICE_FAMILY = "1,2";
				TEST_TARGET_NAME = randomuser;
			};
			name = Debug;
		};
		387C53152CFC2EEA00DD817F /* Release */ = {
			isa = XCBuildConfiguration;
			buildSettings = {
				ALWAYS_EMBED_SWIFT_STANDARD_LIBRARIES = YES;
				CODE_SIGN_STYLE = Automatic;
				CURRENT_PROJECT_VERSION = 1;
				DEVELOPMENT_TEAM = G8W4T9293F;
				GENERATE_INFOPLIST_FILE = YES;
				MARKETING_VERSION = 1.0;
				PRODUCT_BUNDLE_IDENTIFIER = com.jrektabasa.randomuserUITests;
				PRODUCT_NAME = "$(TARGET_NAME)";
				SWIFT_EMIT_LOC_STRINGS = NO;
				SWIFT_VERSION = 5.0;
				TARGETED_DEVICE_FAMILY = "1,2";
				TEST_TARGET_NAME = randomuser;
			};
			name = Release;
		};
/* End XCBuildConfiguration section */

/* Begin XCConfigurationList section */
		387C52E42CFC2EE600DD817F /* Build configuration list for PBXProject "randomuser" */ = {
			isa = XCConfigurationList;
			buildConfigurations = (
				387C530B2CFC2EEA00DD817F /* Debug */,
				387C530C2CFC2EEA00DD817F /* Release */,
			);
			defaultConfigurationIsVisible = 0;
			defaultConfigurationName = Release;
		};
		387C530D2CFC2EEA00DD817F /* Build configuration list for PBXNativeTarget "randomuser" */ = {
			isa = XCConfigurationList;
			buildConfigurations = (
				387C530E2CFC2EEA00DD817F /* Debug */,
				387C530F2CFC2EEA00DD817F /* Release */,
			);
			defaultConfigurationIsVisible = 0;
			defaultConfigurationName = Release;
		};
		387C53102CFC2EEA00DD817F /* Build configuration list for PBXNativeTarget "randomuserTests" */ = {
			isa = XCConfigurationList;
			buildConfigurations = (
				387C53112CFC2EEA00DD817F /* Debug */,
				387C53122CFC2EEA00DD817F /* Release */,
			);
			defaultConfigurationIsVisible = 0;
			defaultConfigurationName = Release;
		};
		387C53132CFC2EEA00DD817F /* Build configuration list for PBXNativeTarget "randomuserUITests" */ = {
			isa = XCConfigurationList;
			buildConfigurations = (
				387C53142CFC2EEA00DD817F /* Debug */,
				387C53152CFC2EEA00DD817F /* Release */,
			);
			defaultConfigurationIsVisible = 0;
			defaultConfigurationName = Release;
		};
/* End XCConfigurationList section */
	};
	rootObject = 387C52E12CFC2EE600DD817F /* Project object */;
}
